{
  "name": "@tarot/web",
  "version": "0.2.0",
  "lockfileVersion": 3,
  "requires": true,
  "packages": {
    "": {
      "name": "@tarot/web",
      "version": "0.2.0",
      "dependencies": {
        "karbovanets": "^0.1.0"
      }
    },
    "node_modules/karbovanets": {
      "version": "0.1.0",
      "resolved": "https://registry.npmjs.org/karbovanets/-/karbovanets-0.1.0.tgz",
      "integrity": "sha512-R9PU78z5Hfs6VtT8U0OyJlwkl+tVCc/1hb/woYDkNQNf7ICGY6roZz+YbuSySL9Y4gdShLloZZfmdIFwE2g4hA==",
      "license": "MIT"
    }
  }
}
